# This file is autogenerated, do not edit; changes may be undone by the next 'dep ensure'.


[[projects]]
  name = "github.com/PuerkitoBio/goquery"
  packages = ["."]
  revision = "e1271ee34c6a305e38566ecd27ae374944907ee9"
  version = "v1.1.0"

[[projects]]
  branch = "master"
  name = "github.com/andybalholm/cascadia"
  packages = ["."]
  revision = "349dd0209470eabd9514242c688c403c0926d266"

[[projects]]
  name = "github.com/boltdb/bolt"
  packages = ["."]
  revision = "2f1ce7a837dcb8da3ec595b1dac9d0632f0f99e8"
  version = "v1.3.1"

[[projects]]
  name = "github.com/davecgh/go-spew"
  packages = ["spew"]
  revision = "5215b55f46b2b919f50a1df0eaa5886afe4e3b3d"

[[projects]]
  branch = "master"
  name = "github.com/jamescun/leftpad"
  packages = ["."]
  revision = "761f7215369a12a11bf849ee47cbf1bda6354a5d"

[[projects]]
  name = "github.com/jmoiron/sqlx"
  packages = [".","reflectx"]
  revision = "sqlx-v1.1-60-gddb3dc8"

[[projects]]
  name = "github.com/mattn/go-sqlite3"
  packages = ["."]
  revision = "5160b48509cf5c877bc22c11c373f8c7738cdb38"
  version = "v1.3.0"

[[projects]]
  branch = "master"
  name = "github.com/mitchellh/mapstructure"
  packages = ["."]
  revision = "06020f85339e21b2478f756a78e295255ffa4d6a"

[[projects]]
  name = "github.com/mmcdole/gofeed"
  packages = [".","atom","extensions","internal/shared","rss"]
  revision = "303223474e837398b2f8a265e5572958bb5568c0"
  version = "v1.0.0-beta"

[[projects]]
  branch = "master"
  name = "github.com/mmcdole/goxpp"
  packages = ["."]
  revision = "77e4a51a73ed99ee3f33c1474dc166866304acbd"

[[projects]]
  name = "github.com/pmezard/go-difflib"
  packages = ["difflib"]
  revision = "792786c7400a136282c1664665ae0a8db921c6c2"
  version = "^1.0.0"

[[projects]]
  branch = "master"
  name = "github.com/robertkrimen/otto"
  packages = [".","ast","dbg","file","parser","registry","token"]
  revision = "68a29f5e29b18d7367e686c43cf74eba1900f548"

[[projects]]
  name = "github.com/stretchr/objx"
  packages = ["."]
  revision = "1a9d0bb9f541897e62256577b352fdbc1fb4fd94"
  version = "master"

[[projects]]
  name = "github.com/stretchr/testify"
  packages = ["assert","mock"]
  revision = "6fe211e493929a8aac0469b93f28b1d0688a9a3a"
  version = "v1.1.3-6-g6fe211e"

[[projects]]
  name = "github.com/velour/velour"
  packages = ["irc"]
  revision = "11924c8689d0f264951b8684f6a7e936953d6bed"

[[projects]]
  branch = "master"
  name = "github.com/yuin/gluamapper"
  packages = ["."]
  revision = "d836955830e75240d46ce9f0e6d148d94f2e1d3a"

[[projects]]
  branch = "master"
  name = "github.com/yuin/gopher-lua"
  packages = [".","ast","parse","pm"]
  revision = "eb1c7299435cc746b72514f37f74a5154dfe460f"

[[projects]]
  name = "golang.org/x/net"
  packages = ["context","html","html/atom","html/charset","websocket"]
  revision = "2e9cee70ee697e0a2ef894b560dda50dec7dff58"

[[projects]]
  branch = "master"
  name = "golang.org/x/sys"
  packages = ["unix"]
  revision = "3e3646d2c706c21b222a5dbcaa6db12b3e0cc765"

[[projects]]
  branch = "master"
  name = "golang.org/x/text"
  packages = ["encoding","encoding/charmap","encoding/htmlindex","encoding/internal","encoding/internal/identifier","encoding/japanese","encoding/korean","encoding/simplifiedchinese","encoding/traditionalchinese","encoding/unicode","internal/gen","internal/tag","internal/utf8internal","language","runes","transform","unicode/cldr"]
  revision = "6eab0e8f74e86c598ec3b6fad4888e0c11482d48"

[[projects]]
  name = "gopkg.in/sourcemap.v1"
  packages = [".","base64vlq"]
  revision = "6e83acea0053641eff084973fee085f0c193c61a"
  version = "v1.0.5"

[solve-meta]
  analyzer-name = "dep"
  analyzer-version = 1
  inputs-digest = "609fe3bf155b62c167494fa01709c925d329f54865b8d38184ef0d4cc8c7caa8"
  solver-name = "gps-cdcl"
  solver-version = 1
